<?xml version="1.0" encoding="utf-8"?>
<Project ToolsVersion="4.0" xmlns="http://schemas.microsoft.com/developer/msbuild/2003">
  <ItemGroup>
    <Filter Include="Source Files">
      <UniqueIdentifier>{4FC737F1-C7A5-4376-A066-2A32D752A2FF}</UniqueIdentifier>
      <Extensions>cpp;c;cc;cxx;c++;cppm;ixx;def;odl;idl;hpj;bat;asm;asmx</Extensions>
    </Filter>
    <Filter Include="Header Files">
      <UniqueIdentifier>{93995380-89BD-4b04-88EB-625FBE52EBFB}</UniqueIdentifier>
      <Extensions>h;hh;hpp;hxx;h++;hm;inl;inc;ipp;xsd</Extensions>
    </Filter>
    <Filter Include="Resource Files">
      <UniqueIdentifier>{67DA6AB6-F800-4c08-8B7A-83BB121AAD01}</UniqueIdentifier>
      <Extensions>rc;ico;cur;bmp;dlg;rc2;rct;bin;rgs;gif;jpg;jpeg;jpe;resx;tiff;tif;png;wav;mfcribbon-ms</Extensions>
    </Filter>
  </ItemGroup>
  <ItemGroup>
    <ClInclude Include="dependencies\imgui\imconfig.h">
      <Filter>Header Files</Filter>
    </ClInclude>
    <ClInclude Include="dependencies\imgui\imgui.h">
      <Filter>Header Files</Filter>
    </ClInclude>
    <ClInclude Include="dependencies\imgui\imgui_impl_dx11.h">
      <Filter>Header Files</Filter>
    </ClInclude>
    <ClInclude Include="dependencies\imgui\imgui_impl_win32.h">
      <Filter>Header Files</Filter>
    </ClInclude>
    <ClInclude Include="dependencies\imgui\imgui_internal.h">
      <Filter>Header Files</Filter>
    </ClInclude>
    <ClInclude Include="dependencies\imgui\imgui_memory_editor.h">
      <Filter>Header Files</Filter>
    </ClInclude>
    <ClInclude Include="dependencies\imgui\imstb_rectpack.h">
      <Filter>Header Files</Filter>
    </ClInclude>
    <ClInclude Include="dependencies\imgui\imstb_textedit.h">
      <Filter>Header Files</Filter>
    </ClInclude>
    <ClInclude Include="dependencies\imgui\imstb_truetype.h">
      <Filter>Header Files</Filter>
    </ClInclude>
    <ClInclude Include="dependencies\imgui\TextEditor.h">
      <Filter>Header Files</Filter>
    </ClInclude>
    <ClInclude Include="dependencies\udlib\ud.hpp">
      <Filter>Header Files</Filter>
    </ClInclude>
    <ClInclude Include="dependencies\common_includes.hpp">
      <Filter>Header Files</Filter>
    </ClInclude>
    <ClInclude Include="utilities\io.hpp">
      <Filter>Header Files</Filter>
    </ClInclude>
    <ClInclude Include="managers\feature\features\visuals\chams\chams.hpp">
      <Filter>Header Files</Filter>
    </ClInclude>
    <ClInclude Include="managers\feature\feature.hpp">
      <Filter>Header Files</Filter>
    </ClInclude>
    <ClInclude Include="managers\hook\hook.hpp">
      <Filter>Header Files</Filter>
    </ClInclude>
    <ClInclude Include="managers\interface\interface.hpp">
      <Filter>Header Files</Filter>
    </ClInclude>
    <ClInclude Include="managers\menu\menu.hpp">
      <Filter>Header Files</Filter>
    </ClInclude>
    <ClInclude Include="managers\mono\mono.hpp">
      <Filter>Header Files</Filter>
    </ClInclude>
    <ClInclude Include="managers\offset\offset.hpp">
      <Filter>Header Files</Filter>
    </ClInclude>
    <ClInclude Include="managers\managers.hpp">
      <Filter>Header Files</Filter>
    </ClInclude>
    <ClInclude Include="managers\singleton.hpp">
      <Filter>Header Files</Filter>
    </ClInclude>
    <ClInclude Include="dependencies\MinHook\MinHook.h">
      <Filter>Header Files</Filter>
    </ClInclude>
    <ClInclude Include="game\structures\structures.hpp">
      <Filter>Header Files</Filter>
    </ClInclude>
    <ClInclude Include="managers\feature\features\event\event.hpp">
      <Filter>Header Files</Filter>
    </ClInclude>
    <ClInclude Include="managers\feature\collector\collector.hpp">
      <Filter>Header Files</Filter>
    </ClInclude>
    <ClInclude Include="managers\feature\features\visuals\visuals.hpp">
      <Filter>Header Files</Filter>
    </ClInclude>
    <ClInclude Include="managers\feature\features\weapon\no_recoil\no_recoil.hpp">
      <Filter>Header Files</Filter>
    </ClInclude>
    <ClInclude Include="managers\feature\features\weapon\no_sway\no_sway.hpp">
      <Filter>Header Files</Filter>
    </ClInclude>
    <ClInclude Include="managers\feature\features\weapon\silent\silent_aim\silent_aim.hpp">
      <Filter>Header Files</Filter>
    </ClInclude>
    <ClInclude Include="game\item_list\items.hpp">
      <Filter>Header Files</Filter>
    </ClInclude>
    <ClInclude Include="managers\config\config.hpp">
      <Filter>Header Files</Filter>
    </ClInclude>
    <ClInclude Include="managers\feature\features\misc\looting\looting.hpp">
      <Filter>Header Files</Filter>
    </ClInclude>
    <ClInclude Include="managers\feature\features\misc\speed\speed.hpp">
      <Filter>Header Files</Filter>
    </ClInclude>
    <ClInclude Include="managers\feature\features\misc\stamina\stamina.hpp">
      <Filter>Header Files</Filter>
    </ClInclude>
    <ClInclude Include="managers\feature\features\visuals\no_visor\no_visor.hpp">
      <Filter>Header Files</Filter>
    </ClInclude>
    <ClInclude Include="managers\interface\draw_list\draw_list.hpp">
      <Filter>Header Files</Filter>
    </ClInclude>
    <ClInclude Include="dependencies\imgui\imgui_draw_cmds.hpp">
      <Filter>Header Files</Filter>
    </ClInclude>
    <ClInclude Include="dependencies\font\cynthe.hpp">
      <Filter>Header Files</Filter>
    </ClInclude>
    <ClInclude Include="dependencies\font\drukwidebold.hpp">
      <Filter>Header Files</Filter>
    </ClInclude>
    <ClInclude Include="dependencies\font\faprolight.hpp">
      <Filter>Header Files</Filter>
    </ClInclude>
    <ClInclude Include="dependencies\font\hashes.h">
      <Filter>Header Files</Filter>
    </ClInclude>
    <ClInclude Include="dependencies\font\poppins.hpp">
      <Filter>Header Files</Filter>
    </ClInclude>
    <ClInclude Include="dependencies\font\sffont.hpp">
      <Filter>Header Files</Filter>
    </ClInclude>
    <ClInclude Include="dependencies\lazy_importer\lazy_importer.hpp">
      <Filter>Header Files</Filter>
    </ClInclude>
    <ClInclude Include="dependencies\stb\stb_c_lexer.h">
      <Filter>Header Files</Filter>
    </ClInclude>
    <ClInclude Include="dependencies\stb\stb_connected_components.h">
      <Filter>Header Files</Filter>
    </ClInclude>
    <ClInclude Include="dependencies\stb\stb_divide.h">
      <Filter>Header Files</Filter>
    </ClInclude>
    <ClInclude Include="dependencies\stb\stb_ds.h">
      <Filter>Header Files</Filter>
    </ClInclude>
    <ClInclude Include="dependencies\stb\stb_dxt.h">
      <Filter>Header Files</Filter>
    </ClInclude>
    <ClInclude Include="dependencies\stb\stb_easy_font.h">
      <Filter>Header Files</Filter>
    </ClInclude>
    <ClInclude Include="dependencies\stb\stb_herringbone_wang_tile.h">
      <Filter>Header Files</Filter>
    </ClInclude>
    <ClInclude Include="dependencies\stb\stb_hexwave.h">
      <Filter>Header Files</Filter>
    </ClInclude>
    <ClInclude Include="dependencies\stb\stb_image.h">
      <Filter>Header Files</Filter>
    </ClInclude>
    <ClInclude Include="dependencies\stb\stb_image_resize.h">
      <Filter>Header Files</Filter>
    </ClInclude>
    <ClInclude Include="dependencies\stb\stb_image_write.h">
      <Filter>Header Files</Filter>
    </ClInclude>
    <ClInclude Include="dependencies\stb\stb_include.h">
      <Filter>Header Files</Filter>
    </ClInclude>
    <ClInclude Include="dependencies\stb\stb_leakcheck.h">
      <Filter>Header Files</Filter>
    </ClInclude>
    <ClInclude Include="dependencies\stb\stb_rect_pack.h">
      <Filter>Header Files</Filter>
    </ClInclude>
    <ClInclude Include="dependencies\stb\stb_sprintf.h">
      <Filter>Header Files</Filter>
    </ClInclude>
    <ClInclude Include="dependencies\stb\stb_textedit.h">
      <Filter>Header Files</Filter>
    </ClInclude>
    <ClInclude Include="dependencies\stb\stb_tilemap_editor.h">
      <Filter>Header Files</Filter>
    </ClInclude>
    <ClInclude Include="dependencies\stb\stb_truetype.h">
      <Filter>Header Files</Filter>
    </ClInclude>
    <ClInclude Include="dependencies\stb\stb_voxel_render.h">
      <Filter>Header Files</Filter>
    </ClInclude>
    <ClInclude Include="dependencies\xorstring\xorstring.hpp">
      <Filter>Header Files</Filter>
    </ClInclude>
    <ClInclude Include="managers\menu\elements\elements.hpp">
      <Filter>Header Files</Filter>
    </ClInclude>
    <ClInclude Include="managers\menu\image\image.hpp">
      <Filter>Header Files</Filter>
    </ClInclude>
    <ClInclude Include="dependencies\imgui\textures\icons\intellisense.hpp">
      <Filter>Header Files</Filter>
    </ClInclude>
    <ClInclude Include="dependencies\imgui\textures\player.hpp">
      <Filter>Header Files</Filter>
    </ClInclude>
    <ClInclude Include="dependencies\imgui\tricks\tricks.hpp">
      <Filter>Header Files</Filter>
    </ClInclude>
    <ClInclude Include="utilities\utilities.hpp">
      <Filter>Header Files</Filter>
    </ClInclude>
  </ItemGroup>
  <ItemGroup>
    <ClCompile Include="dependencies\imgui\imgui.cpp">
      <Filter>Source Files</Filter>
    </ClCompile>
    <ClCompile Include="dependencies\imgui\imgui_demo.cpp">
      <Filter>Source Files</Filter>
    </ClCompile>
    <ClCompile Include="dependencies\imgui\imgui_draw.cpp">
      <Filter>Source Files</Filter>
    </ClCompile>
    <ClCompile Include="dependencies\imgui\imgui_impl_dx11.cpp">
      <Filter>Source Files</Filter>
    </ClCompile>
    <ClCompile Include="dependencies\imgui\imgui_impl_win32.cpp">
      <Filter>Source Files</Filter>
    </ClCompile>
    <ClCompile Include="dependencies\imgui\imgui_tables.cpp">
      <Filter>Source Files</Filter>
    </ClCompile>
    <ClCompile Include="dependencies\imgui\imgui_widgets.cpp">
      <Filter>Source Files</Filter>
    </ClCompile>
    <ClCompile Include="dependencies\imgui\TextEditor.cpp">
      <Filter>Source Files</Filter>
    </ClCompile>
    <ClCompile Include="managers\feature\features\visuals\chams\chams.cpp">
      <Filter>Source Files</Filter>
    </ClCompile>
    <ClCompile Include="managers\feature\feature.cpp">
      <Filter>Source Files</Filter>
    </ClCompile>
    <ClCompile Include="managers\hook\hook.cpp">
      <Filter>Source Files</Filter>
    </ClCompile>
    <ClCompile Include="managers\interface\interface.cpp">
      <Filter>Source Files</Filter>
    </ClCompile>
    <ClCompile Include="managers\menu\menu.cpp">
      <Filter>Source Files</Filter>
    </ClCompile>
    <ClCompile Include="managers\mono\mono.cpp">
      <Filter>Source Files</Filter>
    </ClCompile>
    <ClCompile Include="main.cpp">
      <Filter>Source Files</Filter>
    </ClCompile>
    <ClCompile Include="game\structures\structures.cpp">
      <Filter>Source Files</Filter>
    </ClCompile>
    <ClCompile Include="managers\feature\features\event\event.cpp">
      <Filter>Source Files</Filter>
    </ClCompile>
    <ClCompile Include="managers\feature\collector\collector.cpp">
      <Filter>Source Files</Filter>
    </ClCompile>
    <ClCompile Include="managers\feature\features\visuals\visuals.cpp">
      <Filter>Source Files</Filter>
    </ClCompile>
    <ClCompile Include="managers\feature\features\weapon\no_recoil\no_recoil.cpp">
      <Filter>Source Files</Filter>
    </ClCompile>
    <ClCompile Include="managers\feature\features\weapon\no_sway\no_sway.cpp">
      <Filter>Source Files</Filter>
    </ClCompile>
    <ClCompile Include="managers\feature\features\weapon\silent\silent_aim\silent_aim.cpp">
      <Filter>Source Files</Filter>
    </ClCompile>
    <ClCompile Include="managers\feature\features\misc\looting\looting.cpp">
      <Filter>Source Files</Filter>
    </ClCompile>
    <ClCompile Include="managers\feature\features\misc\speed\speed.cpp">
      <Filter>Source Files</Filter>
    </ClCompile>
    <ClCompile Include="managers\feature\features\misc\stamina\stamina.cpp">
      <Filter>Source Files</Filter>
    </ClCompile>
    <ClCompile Include="managers\feature\features\visuals\no_visor\no_visor.cpp">
      <Filter>Source Files</Filter>
    </ClCompile>
    <ClCompile Include="managers\interface\draw_list\draw_list.cpp">
      <Filter>Source Files</Filter>
    </ClCompile>
    <ClCompile Include="dependencies\imgui\imgui_draw_cmds.cpp">
      <Filter>Source Files</Filter>
    </ClCompile>
    <ClCompile Include="dependencies\stb\stb_image.c">
      <Filter>Source Files</Filter>
    </ClCompile>
    <ClCompile Include="dependencies\stb\stb_vorbis.c">
      <Filter>Source Files</Filter>
    </ClCompile>
    <ClCompile Include="managers\menu\elements\elements.cpp">
      <Filter>Source Files</Filter>
    </ClCompile>
    <ClCompile Include="managers\menu\image\image.cpp">
      <Filter>Source Files</Filter>
    </ClCompile>
    <ClCompile Include="dependencies\imgui\tricks\tricks.cpp">
      <Filter>Source Files</Filter>
    </ClCompile>
  </ItemGroup>
  <ItemGroup>
    <Library Include="dependencies\MinHook\libMinHook.x64.lib" />
  </ItemGroup>
</Project>